
Microsoft Visual Studio Solution File, Format Version 12.00
# Visual Studio Version 17
VisualStudioVersion = 17.5.002.0
MinimumVisualStudioVersion = 10.0.40219.1
Project("{9A19103F-16F7-4668-BE54-9A1E7A4F7556}") = "HelloAsp", "HelloAsp.csproj", "{436B507D-5FE5-444C-8980-9F1038FD6705}"
EndProject
Global
	GlobalSection(SolutionConfigurationPlatforms) = preSolution
		Debug|Any CPU = Debug|Any CPU
		Release|Any CPU = Release|Any CPU
	EndGlobalSection
	GlobalSection(ProjectConfigurationPlatforms) = postSolution
		{436B507D-5FE5-444C-8980-9F1038FD6705}.Debug|Any CPU.ActiveCfg = Debug|Any CPU
		{436B507D-5FE5-444C-8980-9F1038FD6705}.Debug|Any CPU.Build.0 = Debug|Any CPU
		{436B507D-5FE5-444C-8980-9F1038FD6705}.Release|Any CPU.ActiveCfg = Release|Any CPU
		{436B507D-5FE5-444C-8980-9F1038FD6705}.Release|Any CPU.Build.0 = Release|Any CPU
	EndGlobalSection
	GlobalSection(SolutionProperties) = preSolution
		HideSolutionNode = FALSE
	EndGlobalSection
	GlobalSection(ExtensibilityGlobals) = postSolution
		SolutionGuid = {0AB70270-0D3C-4FBB-AD07-5372C5625E3E}
	EndGlobalSection
EndGlobal
